
Microsoft Visual Studio Solution File, Format Version 12.00
# Visual Studio Version 17
VisualStudioVersion = 17.4.33213.308
MinimumVisualStudioVersion = 10.0.40219.1
Project("{FAE04EC0-301F-11D3-BF4B-00C04F79EFBC}") = "Movie Library MVC", "Movie Library MVC\Movie Library MVC.csproj", "{EDB40903-FC2B-48C8-A7A5-FE956C710A3D}"
EndProject
Global
	GlobalSection(SolutionConfigurationPlatforms) = preSolution
		Debug|Any CPU = Debug|Any CPU
		Release|Any CPU = Release|Any CPU
	EndGlobalSection
	GlobalSection(ProjectConfigurationPlatforms) = postSolution
		{EDB40903-FC2B-48C8-A7A5-FE956C710A3D}.Debug|Any CPU.ActiveCfg = Debug|Any CPU
		{EDB40903-FC2B-48C8-A7A5-FE956C710A3D}.Debug|Any CPU.Build.0 = Debug|Any CPU
		{EDB40903-FC2B-48C8-A7A5-FE956C710A3D}.Release|Any CPU.ActiveCfg = Release|Any CPU
		{EDB40903-FC2B-48C8-A7A5-FE956C710A3D}.Release|Any CPU.Build.0 = Release|Any CPU
	EndGlobalSection
	GlobalSection(SolutionProperties) = preSolution
		HideSolutionNode = FALSE
	EndGlobalSection
	GlobalSection(ExtensibilityGlobals) = postSolution
		SolutionGuid = {FB1CB7F1-EB5C-4BA3-9955-BB05FE955DE3}
	EndGlobalSection
EndGlobal
